
Microsoft Visual Studio Solution File, Format Version 12.00
# Visual Studio Version 16
VisualStudioVersion = 16.0.31624.102
MinimumVisualStudioVersion = 10.0.40219.1
Project("{FAE04EC0-301F-11D3-BF4B-00C04F79EFBC}") = "IPCamTest.UWP", "IPCamTest.UWP\IPCamTest.UWP.csproj", "{2EB4F9C8-26DF-4120-AB4D-23D63ABC9448}"
EndProject
Project("{FAE04EC0-301F-11D3-BF4B-00C04F79EFBC}") = "IPCamTest.Android", "IPCamTest.Android\IPCamTest.Android.csproj", "{655E67DC-9178-4ABC-AE42-9C06BDB01069}"
EndProject
Project("{FAE04EC0-301F-11D3-BF4B-00C04F79EFBC}") = "IPCamTest.iOS", "IPCamTest.iOS\IPCamTest.iOS.csproj", "{EEB9AA9A-92D0-4B04-AB3A-DE63C9E32EF4}"
EndProject
Project("{FAE04EC0-301F-11D3-BF4B-00C04F79EFBC}") = "IPCamTest", "IPCamTest\IPCamTest.csproj", "{283447D6-8796-4090-A46A-05C45A95C962}"
EndProject
Global
	GlobalSection(SolutionConfigurationPlatforms) = preSolution
		Debug|Any CPU = Debug|Any CPU
		Debug|ARM = Debug|ARM
		Debug|iPhone = Debug|iPhone
		Debug|iPhoneSimulator = Debug|iPhoneSimulator
		Debug|x64 = Debug|x64
		Debug|x86 = Debug|x86
		Release|Any CPU = Release|Any CPU
		Release|ARM = Release|ARM
		Release|iPhone = Release|iPhone
		Release|iPhoneSimulator = Release|iPhoneSimulator
		Release|x64 = Release|x64
		Release|x86 = Release|x86
	EndGlobalSection
	GlobalSection(ProjectConfigurationPlatforms) = postSolution
		{2EB4F9C8-26DF-4120-AB4D-23D63ABC9448}.Debug|Any CPU.ActiveCfg = Debug|x86
		{2EB4F9C8-26DF-4120-AB4D-23D63ABC9448}.Debug|Any CPU.Build.0 = Debug|x86
		{2EB4F9C8-26DF-4120-AB4D-23D63ABC9448}.Debug|Any CPU.Deploy.0 = Debug|x86
		{2EB4F9C8-26DF-4120-AB4D-23D63ABC9448}.Debug|ARM.ActiveCfg = Debug|ARM
		{2EB4F9C8-26DF-4120-AB4D-23D63ABC9448}.Debug|ARM.Build.0 = Debug|ARM
		{2EB4F9C8-26DF-4120-AB4D-23D63ABC9448}.Debug|ARM.Deploy.0 = Debug|ARM
		{2EB4F9C8-26DF-4120-AB4D-23D63ABC9448}.Debug|iPhone.ActiveCfg = Debug|x86
		{2EB4F9C8-26DF-4120-AB4D-23D63ABC9448}.Debug|iPhone.Build.0 = Debug|x86
		{2EB4F9C8-26DF-4120-AB4D-23D63ABC9448}.Debug|iPhone.Deploy.0 = Debug|x86
		{2EB4F9C8-26DF-4120-AB4D-23D63ABC9448}.Debug|iPhoneSimulator.ActiveCfg = Debug|x86
		{2EB4F9C8-26DF-4120-AB4D-23D63ABC9448}.Debug|iPhoneSimulator.Build.0 = Debug|x86
		{2EB4F9C8-26DF-4120-AB4D-23D63ABC9448}.Debug|iPhoneSimulator.Deploy.0 = Debug|x86
		{2EB4F9C8-26DF-4120-AB4D-23D63ABC9448}.Debug|x64.ActiveCfg = Debug|x64
		{2EB4F9C8-26DF-4120-AB4D-23D63ABC9448}.Debug|x64.Build.0 = Debug|x64
		{2EB4F9C8-26DF-4120-AB4D-23D63ABC9448}.Debug|x64.Deploy.0 = Debug|x64
		{2EB4F9C8-26DF-4120-AB4D-23D63ABC9448}.Debug|x86.ActiveCfg = Debug|x86
		{2EB4F9C8-26DF-4120-AB4D-23D63ABC9448}.Debug|x86.Build.0 = Debug|x86
		{2EB4F9C8-26DF-4120-AB4D-23D63ABC9448}.Debug|x86.Deploy.0 = Debug|x86
		{2EB4F9C8-26DF-4120-AB4D-23D63ABC9448}.Release|Any CPU.ActiveCfg = Release|x86
		{2EB4F9C8-26DF-4120-AB4D-23D63ABC9448}.Release|Any CPU.Build.0 = Release|x86
		{2EB4F9C8-26DF-4120-AB4D-23D63ABC9448}.Release|Any CPU.Deploy.0 = Release|x86
		{2EB4F9C8-26DF-4120-AB4D-23D63ABC9448}.Release|ARM.ActiveCfg = Release|ARM
		{2EB4F9C8-26DF-4120-AB4D-23D63ABC9448}.Release|ARM.Build.0 = Release|ARM
		{2EB4F9C8-26DF-4120-AB4D-23D63ABC9448}.Release|ARM.Deploy.0 = Release|ARM
		{2EB4F9C8-26DF-4120-AB4D-23D63ABC9448}.Release|iPhone.ActiveCfg = Release|x86
		{2EB4F9C8-26DF-4120-AB4D-23D63ABC9448}.Release|iPhone.Build.0 = Release|x86
		{2EB4F9C8-26DF-4120-AB4D-23D63ABC9448}.Release|iPhone.Deploy.0 = Release|x86
		{2EB4F9C8-26DF-4120-AB4D-23D63ABC9448}.Release|iPhoneSimulator.ActiveCfg = Release|x86
		{2EB4F9C8-26DF-4120-AB4D-23D63ABC9448}.Release|iPhoneSimulator.Build.0 = Release|x86
		{2EB4F9C8-26DF-4120-AB4D-23D63ABC9448}.Release|iPhoneSimulator.Deploy.0 = Release|x86
		{2EB4F9C8-26DF-4120-AB4D-23D63ABC9448}.Release|x64.ActiveCfg = Release|x64
		{2EB4F9C8-26DF-4120-AB4D-23D63ABC9448}.Release|x64.Build.0 = Release|x64
		{2EB4F9C8-26DF-4120-AB4D-23D63ABC9448}.Release|x64.Deploy.0 = Release|x64
		{2EB4F9C8-26DF-4120-AB4D-23D63ABC9448}.Release|x86.ActiveCfg = Release|x86
		{2EB4F9C8-26DF-4120-AB4D-23D63ABC9448}.Release|x86.Build.0 = Release|x86
		{2EB4F9C8-26DF-4120-AB4D-23D63ABC9448}.Release|x86.Deploy.0 = Release|x86
		{655E67DC-9178-4ABC-AE42-9C06BDB01069}.Debug|Any CPU.ActiveCfg = Debug|Any CPU
		{655E67DC-9178-4ABC-AE42-9C06BDB01069}.Debug|Any CPU.Build.0 = Debug|Any CPU
		{655E67DC-9178-4ABC-AE42-9C06BDB01069}.Debug|Any CPU.Deploy.0 = Debug|Any CPU
		{655E67DC-9178-4ABC-AE42-9C06BDB01069}.Debug|ARM.ActiveCfg = Debug|Any CPU
		{655E67DC-9178-4ABC-AE42-9C06BDB01069}.Debug|ARM.Build.0 = Debug|Any CPU
		{655E67DC-9178-4ABC-AE42-9C06BDB01069}.Debug|ARM.Deploy.0 = Debug|Any CPU
		{655E67DC-9178-4ABC-AE42-9C06BDB01069}.Debug|iPhone.ActiveCfg = Debug|Any CPU
		{655E67DC-9178-4ABC-AE42-9C06BDB01069}.Debug|iPhone.Build.0 = Debug|Any CPU
		{655E67DC-9178-4ABC-AE42-9C06BDB01069}.Debug|iPhone.Deploy.0 = Debug|Any CPU
		{655E67DC-9178-4ABC-AE42-9C06BDB01069}.Debug|iPhoneSimulator.ActiveCfg = Debug|Any CPU
		{655E67DC-9178-4ABC-AE42-9C06BDB01069}.Debug|iPhoneSimulator.Build.0 = Debug|Any CPU
		{655E67DC-9178-4ABC-AE42-9C06BDB01069}.Debug|iPhoneSimulator.Deploy.0 = Debug|Any CPU
		{655E67DC-9178-4ABC-AE42-9C06BDB01069}.Debug|x64.ActiveCfg = Debug|Any CPU
		{655E67DC-9178-4ABC-AE42-9C06BDB01069}.Debug|x64.Build.0 = Debug|Any CPU
		{655E67DC-9178-4ABC-AE42-9C06BDB01069}.Debug|x64.Deploy.0 = Debug|Any CPU
		{655E67DC-9178-4ABC-AE42-9C06BDB01069}.Debug|x86.ActiveCfg = Debug|Any CPU
		{655E67DC-9178-4ABC-AE42-9C06BDB01069}.Debug|x86.Build.0 = Debug|Any CPU
		{655E67DC-9178-4ABC-AE42-9C06BDB01069}.Debug|x86.Deploy.0 = Debug|Any CPU
		{655E67DC-9178-4ABC-AE42-9C06BDB01069}.Release|Any CPU.ActiveCfg = Release|Any CPU
		{655E67DC-9178-4ABC-AE42-9C06BDB01069}.Release|Any CPU.Build.0 = Release|Any CPU
		{655E67DC-9178-4ABC-AE42-9C06BDB01069}.Release|Any CPU.Deploy.0 = Release|Any CPU
		{655E67DC-9178-4ABC-AE42-9C06BDB01069}.Release|ARM.ActiveCfg = Release|Any CPU
		{655E67DC-9178-4ABC-AE42-9C06BDB01069}.Release|ARM.Build.0 = Release|Any CPU
		{655E67DC-9178-4ABC-AE42-9C06BDB01069}.Release|ARM.Deploy.0 = Release|Any CPU
		{655E67DC-9178-4ABC-AE42-9C06BDB01069}.Release|iPhone.ActiveCfg = Release|Any CPU
		{655E67DC-9178-4ABC-AE42-9C06BDB01069}.Release|iPhone.Build.0 = Release|Any CPU
		{655E67DC-9178-4ABC-AE42-9C06BDB01069}.Release|iPhone.Deploy.0 = Release|Any CPU
		{655E67DC-9178-4ABC-AE42-9C06BDB01069}.Release|iPhoneSimulator.ActiveCfg = Release|Any CPU
		{655E67DC-9178-4ABC-AE42-9C06BDB01069}.Release|iPhoneSimulator.Build.0 = Release|Any CPU
		{655E67DC-9178-4ABC-AE42-9C06BDB01069}.Release|iPhoneSimulator.Deploy.0 = Release|Any CPU
		{655E67DC-9178-4ABC-AE42-9C06BDB01069}.Release|x64.ActiveCfg = Release|Any CPU
		{655E67DC-9178-4ABC-AE42-9C06BDB01069}.Release|x64.Build.0 = Release|Any CPU
		{655E67DC-9178-4ABC-AE42-9C06BDB01069}.Release|x64.Deploy.0 = Release|Any CPU
		{655E67DC-9178-4ABC-AE42-9C06BDB01069}.Release|x86.ActiveCfg = Release|Any CPU
		{655E67DC-9178-4ABC-AE42-9C06BDB01069}.Release|x86.Build.0 = Release|Any CPU
		{655E67DC-9178-4ABC-AE42-9C06BDB01069}.Release|x86.Deploy.0 = Release|Any CPU
		{EEB9AA9A-92D0-4B04-AB3A-DE63C9E32EF4}.Debug|Any CPU.ActiveCfg = Debug|iPhoneSimulator
		{EEB9AA9A-92D0-4B04-AB3A-DE63C9E32EF4}.Debug|Any CPU.Build.0 = Debug|iPhoneSimulator
		{EEB9AA9A-92D0-4B04-AB3A-DE63C9E32EF4}.Debug|Any CPU.Deploy.0 = Debug|iPhoneSimulator
		{EEB9AA9A-92D0-4B04-AB3A-DE63C9E32EF4}.Debug|ARM.ActiveCfg = Debug|iPhone
		{EEB9AA9A-92D0-4B04-AB3A-DE63C9E32EF4}.Debug|ARM.Build.0 = Debug|iPhone
		{EEB9AA9A-92D0-4B04-AB3A-DE63C9E32EF4}.Debug|ARM.Deploy.0 = Debug|iPhone
		{EEB9AA9A-92D0-4B04-AB3A-DE63C9E32EF4}.Debug|iPhone.ActiveCfg = Debug|iPhone
		{EEB9AA9A-92D0-4B04-AB3A-DE63C9E32EF4}.Debug|iPhone.Build.0 = Debug|iPhone
		{EEB9AA9A-92D0-4B04-AB3A-DE63C9E32EF4}.Debug|iPhone.Deploy.0 = Debug|iPhone
		{EEB9AA9A-92D0-4B04-AB3A-DE63C9E32EF4}.Debug|iPhoneSimulator.ActiveCfg = Debug|iPhoneSimulator
		{EEB9AA9A-92D0-4B04-AB3A-DE63C9E32EF4}.Debug|iPhoneSimulator.Build.0 = Debug|iPhoneSimulator
		{EEB9AA9A-92D0-4B04-AB3A-DE63C9E32EF4}.Debug|iPhoneSimulator.Deploy.0 = Debug|iPhoneSimulator
		{EEB9AA9A-92D0-4B04-AB3A-DE63C9E32EF4}.Debug|x64.ActiveCfg = Debug|iPhoneSimulator
		{EEB9AA9A-92D0-4B04-AB3A-DE63C9E32EF4}.Debug|x64.Build.0 = Debug|iPhoneSimulator
		{EEB9AA9A-92D0-4B04-AB3A-DE63C9E32EF4}.Debug|x64.Deploy.0 = Debug|iPhoneSimulator
		{EEB9AA9A-92D0-4B04-AB3A-DE63C9E32EF4}.Debug|x86.ActiveCfg = Debug|iPhoneSimulator
		{EEB9AA9A-92D0-4B04-AB3A-DE63C9E32EF4}.Debug|x86.Build.0 = Debug|iPhoneSimulator
		{EEB9AA9A-92D0-4B04-AB3A-DE63C9E32EF4}.Debug|x86.Deploy.0 = Debug|iPhoneSimulator
		{EEB9AA9A-92D0-4B04-AB3A-DE63C9E32EF4}.Release|Any CPU.ActiveCfg = Release|iPhoneSimulator
		{EEB9AA9A-92D0-4B04-AB3A-DE63C9E32EF4}.Release|Any CPU.Build.0 = Release|iPhoneSimulator
		{EEB9AA9A-92D0-4B04-AB3A-DE63C9E32EF4}.Release|Any CPU.Deploy.0 = Release|iPhoneSimulator
		{EEB9AA9A-92D0-4B04-AB3A-DE63C9E32EF4}.Release|ARM.ActiveCfg = Release|iPhoneSimulator
		{EEB9AA9A-92D0-4B04-AB3A-DE63C9E32EF4}.Release|ARM.Build.0 = Release|iPhoneSimulator
		{EEB9AA9A-92D0-4B04-AB3A-DE63C9E32EF4}.Release|ARM.Deploy.0 = Release|iPhoneSimulator
		{EEB9AA9A-92D0-4B04-AB3A-DE63C9E32EF4}.Release|iPhone.ActiveCfg = Release|iPhone
		{EEB9AA9A-92D0-4B04-AB3A-DE63C9E32EF4}.Release|iPhone.Build.0 = Release|iPhone
		{EEB9AA9A-92D0-4B04-AB3A-DE63C9E32EF4}.Release|iPhone.Deploy.0 = Release|iPhone
		{EEB9AA9A-92D0-4B04-AB3A-DE63C9E32EF4}.Release|iPhoneSimulator.ActiveCfg = Release|iPhoneSimulator
		{EEB9AA9A-92D0-4B04-AB3A-DE63C9E32EF4}.Release|iPhoneSimulator.Build.0 = Release|iPhoneSimulator
		{EEB9AA9A-92D0-4B04-AB3A-DE63C9E32EF4}.Release|iPhoneSimulator.Deploy.0 = Release|iPhoneSimulator
		{EEB9AA9A-92D0-4B04-AB3A-DE63C9E32EF4}.Release|x64.ActiveCfg = Release|iPhoneSimulator
		{EEB9AA9A-92D0-4B04-AB3A-DE63C9E32EF4}.Release|x64.Build.0 = Release|iPhoneSimulator
		{EEB9AA9A-92D0-4B04-AB3A-DE63C9E32EF4}.Release|x64.Deploy.0 = Release|iPhoneSimulator
		{EEB9AA9A-92D0-4B04-AB3A-DE63C9E32EF4}.Release|x86.ActiveCfg = Release|iPhoneSimulator
		{EEB9AA9A-92D0-4B04-AB3A-DE63C9E32EF4}.Release|x86.Build.0 = Release|iPhoneSimulator
		{EEB9AA9A-92D0-4B04-AB3A-DE63C9E32EF4}.Release|x86.Deploy.0 = Release|iPhoneSimulator
		{283447D6-8796-4090-A46A-05C45A95C962}.Debug|Any CPU.ActiveCfg = Debug|Any CPU
		{283447D6-8796-4090-A46A-05C45A95C962}.Debug|Any CPU.Build.0 = Debug|Any CPU
		{283447D6-8796-4090-A46A-05C45A95C962}.Debug|Any CPU.Deploy.0 = Debug|Any CPU
		{283447D6-8796-4090-A46A-05C45A95C962}.Debug|ARM.ActiveCfg = Debug|Any CPU
		{283447D6-8796-4090-A46A-05C45A95C962}.Debug|ARM.Build.0 = Debug|Any CPU
		{283447D6-8796-4090-A46A-05C45A95C962}.Debug|ARM.Deploy.0 = Debug|Any CPU
		{283447D6-8796-4090-A46A-05C45A95C962}.Debug|iPhone.ActiveCfg = Debug|Any CPU
		{283447D6-8796-4090-A46A-05C45A95C962}.Debug|iPhone.Build.0 = Debug|Any CPU
		{283447D6-8796-4090-A46A-05C45A95C962}.Debug|iPhone.Deploy.0 = Debug|Any CPU
		{283447D6-8796-4090-A46A-05C45A95C962}.Debug|iPhoneSimulator.ActiveCfg = Debug|Any CPU
		{283447D6-8796-4090-A46A-05C45A95C962}.Debug|iPhoneSimulator.Build.0 = Debug|Any CPU
		{283447D6-8796-4090-A46A-05C45A95C962}.Debug|iPhoneSimulator.Deploy.0 = Debug|Any CPU
		{283447D6-8796-4090-A46A-05C45A95C962}.Debug|x64.ActiveCfg = Debug|Any CPU
		{283447D6-8796-4090-A46A-05C45A95C962}.Debug|x64.Build.0 = Debug|Any CPU
		{283447D6-8796-4090-A46A-05C45A95C962}.Debug|x64.Deploy.0 = Debug|Any CPU
		{283447D6-8796-4090-A46A-05C45A95C962}.Debug|x86.ActiveCfg = Debug|Any CPU
		{283447D6-8796-4090-A46A-05C45A95C962}.Debug|x86.Build.0 = Debug|Any CPU
		{283447D6-8796-4090-A46A-05C45A95C962}.Debug|x86.Deploy.0 = Debug|Any CPU
		{283447D6-8796-4090-A46A-05C45A95C962}.Release|Any CPU.ActiveCfg = Release|Any CPU
		{283447D6-8796-4090-A46A-05C45A95C962}.Release|Any CPU.Build.0 = Release|Any CPU
		{283447D6-8796-4090-A46A-05C45A95C962}.Release|Any CPU.Deploy.0 = Release|Any CPU
		{283447D6-8796-4090-A46A-05C45A95C962}.Release|ARM.ActiveCfg = Release|Any CPU
		{283447D6-8796-4090-A46A-05C45A95C962}.Release|ARM.Build.0 = Release|Any CPU
		{283447D6-8796-4090-A46A-05C45A95C962}.Release|ARM.Deploy.0 = Release|Any CPU
		{283447D6-8796-4090-A46A-05C45A95C962}.Release|iPhone.ActiveCfg = Release|Any CPU
		{283447D6-8796-4090-A46A-05C45A95C962}.Release|iPhone.Build.0 = Release|Any CPU
		{283447D6-8796-4090-A46A-05C45A95C962}.Release|iPhone.Deploy.0 = Release|Any CPU
		{283447D6-8796-4090-A46A-05C45A95C962}.Release|iPhoneSimulator.ActiveCfg = Release|Any CPU
		{283447D6-8796-4090-A46A-05C45A95C962}.Release|iPhoneSimulator.Build.0 = Release|Any CPU
		{283447D6-8796-4090-A46A-05C45A95C962}.Release|iPhoneSimulator.Deploy.0 = Release|Any CPU
		{283447D6-8796-4090-A46A-05C45A95C962}.Release|x64.ActiveCfg = Release|Any CPU
		{283447D6-8796-4090-A46A-05C45A95C962}.Release|x64.Build.0 = Release|Any CPU
		{283447D6-8796-4090-A46A-05C45A95C962}.Release|x64.Deploy.0 = Release|Any CPU
		{283447D6-8796-4090-A46A-05C45A95C962}.Release|x86.ActiveCfg = Release|Any CPU
		{283447D6-8796-4090-A46A-05C45A95C962}.Release|x86.Build.0 = Release|Any CPU
		{283447D6-8796-4090-A46A-05C45A95C962}.Release|x86.Deploy.0 = Release|Any CPU
	EndGlobalSection
	GlobalSection(SolutionProperties) = preSolution
		HideSolutionNode = FALSE
	EndGlobalSection
	GlobalSection(ExtensibilityGlobals) = postSolution
		SolutionGuid = {0A1B6DF2-40E4-4297-A72F-63CA44073DC9}
	EndGlobalSection
EndGlobal
